
Microsoft Visual Studio Solution File, Format Version 12.00
# Visual Studio 15
VisualStudioVersion = 15.0.26124.0
MinimumVisualStudioVersion = 15.0.26124.0
Project("{2150E333-8FDC-42A3-9474-1A3956D46DE8}") = "src", "src", "{71F57D3A-6167-473E-81B1-49E64157D31F}"
EndProject
Project("{FAE04EC0-301F-11D3-BF4B-00C04F79EFBC}") = "WebUI", "src\WebUI\WebUI.csproj", "{852B116A-B0D2-4C28-BB60-450536FD380B}"
EndProject
Project("{FAE04EC0-301F-11D3-BF4B-00C04F79EFBC}") = "Application", "src\Application\Application.csproj", "{11E7EE3A-A96E-4BD6-B0AF-7635C03E76D4}"
EndProject
Project("{FAE04EC0-301F-11D3-BF4B-00C04F79EFBC}") = "Domain", "src\Domain\Domain.csproj", "{485C9725-868E-4D7D-95D6-54CFC435DD4A}"
EndProject
Project("{FAE04EC0-301F-11D3-BF4B-00C04F79EFBC}") = "Infrastructure", "src\Infrastructure\Infrastructure.csproj", "{EFFB659E-0C2A-4C3A-A653-F880D00B5D19}"
EndProject
Project("{2150E333-8FDC-42A3-9474-1A3956D46DE8}") = "tests", "tests", "{FEA6343E-9833-4883-948C-2DDDDCD7E0BE}"
EndProject
Project("{FAE04EC0-301F-11D3-BF4B-00C04F79EFBC}") = "Application.IntegrationTests", "tests\Application.IntegrationTests\Application.IntegrationTests.csproj", "{4B19D0B5-93A7-4326-9DB9-310FE5562B5C}"
EndProject
Global
	GlobalSection(SolutionConfigurationPlatforms) = preSolution
		Debug|Any CPU = Debug|Any CPU
		Debug|x64 = Debug|x64
		Debug|x86 = Debug|x86
		Release|Any CPU = Release|Any CPU
		Release|x64 = Release|x64
		Release|x86 = Release|x86
	EndGlobalSection
	GlobalSection(SolutionProperties) = preSolution
		HideSolutionNode = FALSE
	EndGlobalSection
	GlobalSection(ProjectConfigurationPlatforms) = postSolution
		{852B116A-B0D2-4C28-BB60-450536FD380B}.Debug|Any CPU.ActiveCfg = Debug|Any CPU
		{852B116A-B0D2-4C28-BB60-450536FD380B}.Debug|Any CPU.Build.0 = Debug|Any CPU
		{852B116A-B0D2-4C28-BB60-450536FD380B}.Debug|x64.ActiveCfg = Debug|Any CPU
		{852B116A-B0D2-4C28-BB60-450536FD380B}.Debug|x64.Build.0 = Debug|Any CPU
		{852B116A-B0D2-4C28-BB60-450536FD380B}.Debug|x86.ActiveCfg = Debug|Any CPU
		{852B116A-B0D2-4C28-BB60-450536FD380B}.Debug|x86.Build.0 = Debug|Any CPU
		{852B116A-B0D2-4C28-BB60-450536FD380B}.Release|Any CPU.ActiveCfg = Release|Any CPU
		{852B116A-B0D2-4C28-BB60-450536FD380B}.Release|Any CPU.Build.0 = Release|Any CPU
		{852B116A-B0D2-4C28-BB60-450536FD380B}.Release|x64.ActiveCfg = Release|Any CPU
		{852B116A-B0D2-4C28-BB60-450536FD380B}.Release|x64.Build.0 = Release|Any CPU
		{852B116A-B0D2-4C28-BB60-450536FD380B}.Release|x86.ActiveCfg = Release|Any CPU
		{852B116A-B0D2-4C28-BB60-450536FD380B}.Release|x86.Build.0 = Release|Any CPU
		{11E7EE3A-A96E-4BD6-B0AF-7635C03E76D4}.Debug|Any CPU.ActiveCfg = Debug|Any CPU
		{11E7EE3A-A96E-4BD6-B0AF-7635C03E76D4}.Debug|Any CPU.Build.0 = Debug|Any CPU
		{11E7EE3A-A96E-4BD6-B0AF-7635C03E76D4}.Debug|x64.ActiveCfg = Debug|Any CPU
		{11E7EE3A-A96E-4BD6-B0AF-7635C03E76D4}.Debug|x64.Build.0 = Debug|Any CPU
		{11E7EE3A-A96E-4BD6-B0AF-7635C03E76D4}.Debug|x86.ActiveCfg = Debug|Any CPU
		{11E7EE3A-A96E-4BD6-B0AF-7635C03E76D4}.Debug|x86.Build.0 = Debug|Any CPU
		{11E7EE3A-A96E-4BD6-B0AF-7635C03E76D4}.Release|Any CPU.ActiveCfg = Release|Any CPU
		{11E7EE3A-A96E-4BD6-B0AF-7635C03E76D4}.Release|Any CPU.Build.0 = Release|Any CPU
		{11E7EE3A-A96E-4BD6-B0AF-7635C03E76D4}.Release|x64.ActiveCfg = Release|Any CPU
		{11E7EE3A-A96E-4BD6-B0AF-7635C03E76D4}.Release|x64.Build.0 = Release|Any CPU
		{11E7EE3A-A96E-4BD6-B0AF-7635C03E76D4}.Release|x86.ActiveCfg = Release|Any CPU
		{11E7EE3A-A96E-4BD6-B0AF-7635C03E76D4}.Release|x86.Build.0 = Release|Any CPU
		{485C9725-868E-4D7D-95D6-54CFC435DD4A}.Debug|Any CPU.ActiveCfg = Debug|Any CPU
		{485C9725-868E-4D7D-95D6-54CFC435DD4A}.Debug|Any CPU.Build.0 = Debug|Any CPU
		{485C9725-868E-4D7D-95D6-54CFC435DD4A}.Debug|x64.ActiveCfg = Debug|Any CPU
		{485C9725-868E-4D7D-95D6-54CFC435DD4A}.Debug|x64.Build.0 = Debug|Any CPU
		{485C9725-868E-4D7D-95D6-54CFC435DD4A}.Debug|x86.ActiveCfg = Debug|Any CPU
		{485C9725-868E-4D7D-95D6-54CFC435DD4A}.Debug|x86.Build.0 = Debug|Any CPU
		{485C9725-868E-4D7D-95D6-54CFC435DD4A}.Release|Any CPU.ActiveCfg = Release|Any CPU
		{485C9725-868E-4D7D-95D6-54CFC435DD4A}.Release|Any CPU.Build.0 = Release|Any CPU
		{485C9725-868E-4D7D-95D6-54CFC435DD4A}.Release|x64.ActiveCfg = Release|Any CPU
		{485C9725-868E-4D7D-95D6-54CFC435DD4A}.Release|x64.Build.0 = Release|Any CPU
		{485C9725-868E-4D7D-95D6-54CFC435DD4A}.Release|x86.ActiveCfg = Release|Any CPU
		{485C9725-868E-4D7D-95D6-54CFC435DD4A}.Release|x86.Build.0 = Release|Any CPU
		{EFFB659E-0C2A-4C3A-A653-F880D00B5D19}.Debug|Any CPU.ActiveCfg = Debug|Any CPU
		{EFFB659E-0C2A-4C3A-A653-F880D00B5D19}.Debug|Any CPU.Build.0 = Debug|Any CPU
		{EFFB659E-0C2A-4C3A-A653-F880D00B5D19}.Debug|x64.ActiveCfg = Debug|Any CPU
		{EFFB659E-0C2A-4C3A-A653-F880D00B5D19}.Debug|x64.Build.0 = Debug|Any CPU
		{EFFB659E-0C2A-4C3A-A653-F880D00B5D19}.Debug|x86.ActiveCfg = Debug|Any CPU
		{EFFB659E-0C2A-4C3A-A653-F880D00B5D19}.Debug|x86.Build.0 = Debug|Any CPU
		{EFFB659E-0C2A-4C3A-A653-F880D00B5D19}.Release|Any CPU.ActiveCfg = Release|Any CPU
		{EFFB659E-0C2A-4C3A-A653-F880D00B5D19}.Release|Any CPU.Build.0 = Release|Any CPU
		{EFFB659E-0C2A-4C3A-A653-F880D00B5D19}.Release|x64.ActiveCfg = Release|Any CPU
		{EFFB659E-0C2A-4C3A-A653-F880D00B5D19}.Release|x64.Build.0 = Release|Any CPU
		{EFFB659E-0C2A-4C3A-A653-F880D00B5D19}.Release|x86.ActiveCfg = Release|Any CPU
		{EFFB659E-0C2A-4C3A-A653-F880D00B5D19}.Release|x86.Build.0 = Release|Any CPU
		{4B19D0B5-93A7-4326-9DB9-310FE5562B5C}.Debug|Any CPU.ActiveCfg = Debug|Any CPU
		{4B19D0B5-93A7-4326-9DB9-310FE5562B5C}.Debug|Any CPU.Build.0 = Debug|Any CPU
		{4B19D0B5-93A7-4326-9DB9-310FE5562B5C}.Debug|x64.ActiveCfg = Debug|Any CPU
		{4B19D0B5-93A7-4326-9DB9-310FE5562B5C}.Debug|x64.Build.0 = Debug|Any CPU
		{4B19D0B5-93A7-4326-9DB9-310FE5562B5C}.Debug|x86.ActiveCfg = Debug|Any CPU
		{4B19D0B5-93A7-4326-9DB9-310FE5562B5C}.Debug|x86.Build.0 = Debug|Any CPU
		{4B19D0B5-93A7-4326-9DB9-310FE5562B5C}.Release|Any CPU.ActiveCfg = Release|Any CPU
		{4B19D0B5-93A7-4326-9DB9-310FE5562B5C}.Release|Any CPU.Build.0 = Release|Any CPU
		{4B19D0B5-93A7-4326-9DB9-310FE5562B5C}.Release|x64.ActiveCfg = Release|Any CPU
		{4B19D0B5-93A7-4326-9DB9-310FE5562B5C}.Release|x64.Build.0 = Release|Any CPU
		{4B19D0B5-93A7-4326-9DB9-310FE5562B5C}.Release|x86.ActiveCfg = Release|Any CPU
		{4B19D0B5-93A7-4326-9DB9-310FE5562B5C}.Release|x86.Build.0 = Release|Any CPU
	EndGlobalSection
	GlobalSection(NestedProjects) = preSolution
		{852B116A-B0D2-4C28-BB60-450536FD380B} = {71F57D3A-6167-473E-81B1-49E64157D31F}
		{11E7EE3A-A96E-4BD6-B0AF-7635C03E76D4} = {71F57D3A-6167-473E-81B1-49E64157D31F}
		{485C9725-868E-4D7D-95D6-54CFC435DD4A} = {71F57D3A-6167-473E-81B1-49E64157D31F}
		{EFFB659E-0C2A-4C3A-A653-F880D00B5D19} = {71F57D3A-6167-473E-81B1-49E64157D31F}
		{4B19D0B5-93A7-4326-9DB9-310FE5562B5C} = {FEA6343E-9833-4883-948C-2DDDDCD7E0BE}
	EndGlobalSection
EndGlobal
